<?xml version="1.0" encoding="utf-8"?>
<Project ToolsVersion="4.0" xmlns="http://schemas.microsoft.com/developer/msbuild/2003">
  <ItemGroup>
    <Filter Include="Source Files">
      <UniqueIdentifier>{4FC737F1-C7A5-4376-A066-2A32D752A2FF}</UniqueIdentifier>
      <Extensions>cpp;c;cc;cxx;def;odl;idl;hpj;bat;asm;asmx</Extensions>
    </Filter>
    <Filter Include="Header Files">
      <UniqueIdentifier>{93995380-89BD-4b04-88EB-625FBE52EBFB}</UniqueIdentifier>
      <Extensions>h;hh;hpp;hxx;hm;inl;inc;ipp;xsd</Extensions>
    </Filter>
    <Filter Include="Resource Files">
      <UniqueIdentifier>{67DA6AB6-F800-4c08-8B7A-83BB121AAD01}</UniqueIdentifier>
      <Extensions>rc;ico;cur;bmp;dlg;rc2;rct;bin;rgs;gif;jpg;jpeg;jpe;resx;tiff;tif;png;wav;mfcribbon-ms</Extensions>
    </Filter>
    <Filter Include="Header Files\Buildings">
      <UniqueIdentifier>{e884b007-fb58-45a0-854a-4bf6b9404e82}</UniqueIdentifier>
    </Filter>
    <Filter Include="Header Files\Basic Commands">
      <UniqueIdentifier>{d962fdbc-b077-4fdc-8ecd-a360a47b669e}</UniqueIdentifier>
    </Filter>
    <Filter Include="Source Files\Basic Commands">
      <UniqueIdentifier>{656caf40-7817-4313-ac71-c19ced9c8a41}</UniqueIdentifier>
    </Filter>
    <Filter Include="Header Files\Events">
      <UniqueIdentifier>{a56be620-589a-4864-aad5-794958426705}</UniqueIdentifier>
    </Filter>
    <Filter Include="Source Files\Events">
      <UniqueIdentifier>{1a726f4f-68d1-4f01-a2d5-2da083c95ccb}</UniqueIdentifier>
    </Filter>
    <Filter Include="Source Files\Buildings">
      <UniqueIdentifier>{cbf82b8a-52cc-4bf2-9b6a-ef7821c4aebe}</UniqueIdentifier>
    </Filter>
    <Filter Include="Source Files\Buildings\Exterior">
      <UniqueIdentifier>{26128f13-a974-46c4-9e17-2c172b372294}</UniqueIdentifier>
    </Filter>
    <Filter Include="Header Files\Buildings\Base">
      <UniqueIdentifier>{5f24e5a0-0056-43cf-8a60-eea907527f52}</UniqueIdentifier>
    </Filter>
    <Filter Include="Header Files\Buildings\Exterior">
      <UniqueIdentifier>{d17da255-3253-4f5c-9a14-043ae30c6397}</UniqueIdentifier>
    </Filter>
    <Filter Include="Source Files\Buildings\Base">
      <UniqueIdentifier>{8d869747-c48d-4365-897a-ced14b17a669}</UniqueIdentifier>
    </Filter>
    <Filter Include="Header Files\Location">
      <UniqueIdentifier>{485626f8-f75b-4a38-962e-3bd27f6e6091}</UniqueIdentifier>
    </Filter>
    <Filter Include="Source Files\Location">
      <UniqueIdentifier>{704eb2d7-313e-4114-b855-bf8422181f7b}</UniqueIdentifier>
    </Filter>
    <Filter Include="Header Files\Location\Towns">
      <UniqueIdentifier>{085c4a60-f372-4aa6-946b-9fc924134c22}</UniqueIdentifier>
    </Filter>
    <Filter Include="Header Files\Location\Routes">
      <UniqueIdentifier>{32f46b15-21ed-40aa-a3b1-49df27f087c5}</UniqueIdentifier>
    </Filter>
    <Filter Include="Source Files\Location\Towns">
      <UniqueIdentifier>{a93322ee-efeb-4c81-bf1d-e0a5b45df311}</UniqueIdentifier>
    </Filter>
    <Filter Include="Source Files\Location\Routes">
      <UniqueIdentifier>{b9f0bf4a-0abb-4ae7-aa92-9b03515eff72}</UniqueIdentifier>
    </Filter>
    <Filter Include="Header Files\Sub-Locations">
      <UniqueIdentifier>{2dcd306e-2f36-4505-96a3-e05a8a87261a}</UniqueIdentifier>
    </Filter>
    <Filter Include="Header Files\Sub-Locations\Littleroot">
      <UniqueIdentifier>{c21b488c-00c8-4e05-847d-3608fc431c54}</UniqueIdentifier>
    </Filter>
    <Filter Include="Source Files\Sub-Locations">
      <UniqueIdentifier>{38bf7760-88fb-4e8b-8bd8-6565dbb0edc0}</UniqueIdentifier>
    </Filter>
    <Filter Include="Source Files\Sub-Locations\Littleroot">
      <UniqueIdentifier>{ef89bff0-ae4e-47ab-b031-519a46c3cbaa}</UniqueIdentifier>
    </Filter>
    <Filter Include="Header Files\Node">
      <UniqueIdentifier>{e9bb17d6-a2b5-48ae-940a-2ca3966aaf22}</UniqueIdentifier>
    </Filter>
    <Filter Include="Source Files\Node">
      <UniqueIdentifier>{95465d8d-e7a6-4a4a-ba9b-48833a248846}</UniqueIdentifier>
    </Filter>
    <Filter Include="Header Files\Systems">
      <UniqueIdentifier>{05fb119c-e428-4779-a833-05b60ac4fef2}</UniqueIdentifier>
    </Filter>
    <Filter Include="Source Files\Systems">
      <UniqueIdentifier>{7cf6c282-6748-4fda-ad82-61ce41183274}</UniqueIdentifier>
    </Filter>
    <Filter Include="Header Files\Node\Locations">
      <UniqueIdentifier>{a4b417e4-de04-4e76-83c0-72b599c03e86}</UniqueIdentifier>
    </Filter>
    <Filter Include="Header Files\Node\Locations\Towns">
      <UniqueIdentifier>{07fcf97c-6532-49da-9dd6-61ef92540be9}</UniqueIdentifier>
    </Filter>
    <Filter Include="Source Files\Node\Locations">
      <UniqueIdentifier>{d3ad4534-41b9-4a39-b20e-f6e6764d72f0}</UniqueIdentifier>
    </Filter>
    <Filter Include="Source Files\Node\Locations\Towns">
      <UniqueIdentifier>{a0e7a0e2-1565-4a06-a556-20cb4a93dd92}</UniqueIdentifier>
    </Filter>
    <Filter Include="Header Files\Node\Locations\Routes">
      <UniqueIdentifier>{2c650d14-8e76-424e-b54a-25fe99f919eb}</UniqueIdentifier>
    </Filter>
    <Filter Include="Source Files\Node\Locations\Routes">
      <UniqueIdentifier>{8e2e0e89-2d4f-4a18-8f30-2350661ed81d}</UniqueIdentifier>
    </Filter>
    <Filter Include="Header Files\Objects">
      <UniqueIdentifier>{0dc89349-c4e9-4b40-8f23-f7b1aed3b74d}</UniqueIdentifier>
    </Filter>
    <Filter Include="Source Files\Objects">
      <UniqueIdentifier>{0314cf3f-92fa-403e-8cee-d454b414289b}</UniqueIdentifier>
    </Filter>
    <Filter Include="Header Files\RenderSystem">
      <UniqueIdentifier>{1d6cd799-447c-4861-92d7-1be1e96ebc10}</UniqueIdentifier>
    </Filter>
    <Filter Include="Header Files\Components">
      <UniqueIdentifier>{a9eba5e9-d722-4cf3-8ad1-57ad5bfd7a25}</UniqueIdentifier>
    </Filter>
    <Filter Include="Source Files\Components">
      <UniqueIdentifier>{e0b41d51-6f98-4df4-857a-1be1563d4079}</UniqueIdentifier>
    </Filter>
    <Filter Include="Header Files\Components\SpriteComponent">
      <UniqueIdentifier>{c8ea25e5-de60-445c-9b56-dfdd5091525a}</UniqueIdentifier>
    </Filter>
    <Filter Include="Source Files\Components\SpriteComponent">
      <UniqueIdentifier>{67f3af7a-36f8-4c1c-9c7e-ec709aaae639}</UniqueIdentifier>
    </Filter>
    <Filter Include="Header Files\Node\Sublocations">
      <UniqueIdentifier>{8c8e4ebe-1503-4113-9bda-0b372d8dd1ec}</UniqueIdentifier>
    </Filter>
    <Filter Include="Header Files\Node\Sublocations\Littleroot">
      <UniqueIdentifier>{3aeb8550-23b3-4285-9fc1-9862a3b4ebbe}</UniqueIdentifier>
    </Filter>
    <Filter Include="Source Files\Node\Sublocations">
      <UniqueIdentifier>{faec6788-2c9c-4933-8c53-409edb973f63}</UniqueIdentifier>
    </Filter>
    <Filter Include="Source Files\Node\Sublocations\Littleroot">
      <UniqueIdentifier>{ee9a5437-f415-4476-9453-b903ead7b5cb}</UniqueIdentifier>
    </Filter>
    <Filter Include="Header Files\Characters">
      <UniqueIdentifier>{6a5eba79-a75a-4f8d-a8cf-ae70f4c03f1e}</UniqueIdentifier>
    </Filter>
    <Filter Include="Source Files\RenderSystem">
      <UniqueIdentifier>{e9b962eb-34d1-4abc-8139-f5183a5c429d}</UniqueIdentifier>
    </Filter>
    <Filter Include="Header Files\Systems\Dialogue">
      <UniqueIdentifier>{acb7ddb5-1d10-4388-8065-eb25b17d8b14}</UniqueIdentifier>
    </Filter>
    <Filter Include="Header Files\Components\DialogueComponent">
      <UniqueIdentifier>{c964c874-d572-47e9-897f-36b1eeff553d}</UniqueIdentifier>
    </Filter>
    <Filter Include="Source Files\Components\DialogueComponent">
      <UniqueIdentifier>{f48ceeb3-b3b2-4052-96c0-1e809b000eb0}</UniqueIdentifier>
    </Filter>
    <Filter Include="Header Files\JSON">
      <UniqueIdentifier>{fc7a9e8a-acf8-4c36-867f-fff35c222ad0}</UniqueIdentifier>
    </Filter>
    <Filter Include="Source Files\JSON">
      <UniqueIdentifier>{3270b9f1-341a-451a-9088-41646c864117}</UniqueIdentifier>
    </Filter>
    <Filter Include="Header Files\FileHandling">
      <UniqueIdentifier>{3082de91-9a5e-41fe-8b02-fe92aaddf4c5}</UniqueIdentifier>
    </Filter>
    <Filter Include="Source Files\FileHandling">
      <UniqueIdentifier>{594aa61e-5968-4ec3-9182-1eec13b51712}</UniqueIdentifier>
    </Filter>
    <Filter Include="Header Files\Factory">
      <UniqueIdentifier>{c9f647b8-8aea-4e9b-aa4c-c78f5e6c7fcc}</UniqueIdentifier>
    </Filter>
    <Filter Include="Source Files\Factory">
      <UniqueIdentifier>{a76edc62-9003-4c06-99f5-abe3fb732c78}</UniqueIdentifier>
    </Filter>
    <Filter Include="Header Files\UI">
      <UniqueIdentifier>{24e64087-c63e-4cc0-8dd0-c418686cc177}</UniqueIdentifier>
    </Filter>
    <Filter Include="Source Files\UI">
      <UniqueIdentifier>{94d090ad-4f8c-41ff-8f03-050c84652153}</UniqueIdentifier>
    </Filter>
    <Filter Include="Header Files\UI\UI Objects">
      <UniqueIdentifier>{33adee7d-9a08-4db5-a5d3-f6a57ef0f6c8}</UniqueIdentifier>
    </Filter>
    <Filter Include="Source Files\UI\UI Objects">
      <UniqueIdentifier>{a47a0a33-1e00-41c4-9f22-66d86a6e9d72}</UniqueIdentifier>
    </Filter>
    <Filter Include="Source Files\UI\UI Objects\UI Buttons">
      <UniqueIdentifier>{67cbae6f-b7da-478a-9084-443770481d19}</UniqueIdentifier>
    </Filter>
    <Filter Include="Header Files\UI\UI Objects\UI Buttons">
      <UniqueIdentifier>{dd14c50a-ecff-413d-8253-37ca9fb4cb1f}</UniqueIdentifier>
    </Filter>
    <Filter Include="Header Files\UI\Menus">
      <UniqueIdentifier>{128063d2-3dea-4024-ab0b-b9dbea7fd59a}</UniqueIdentifier>
    </Filter>
    <Filter Include="Source Files\UI\Menus">
      <UniqueIdentifier>{10af2233-94a9-480f-930a-8cab136fa022}</UniqueIdentifier>
    </Filter>
  </ItemGroup>
  <ItemGroup>
    <ClCompile Include="main.cpp">
      <Filter>Source Files</Filter>
    </ClCompile>
    <ClCompile Include="Game.cpp">
      <Filter>Source Files</Filter>
    </ClCompile>
    <ClCompile Include="Overworld.cpp">
      <Filter>Source Files</Filter>
    </ClCompile>
    <ClCompile Include="Camera.cpp">
      <Filter>Source Files</Filter>
    </ClCompile>
    <ClCompile Include="ChangeOverworldState.cpp">
      <Filter>Source Files\Basic Commands</Filter>
    </ClCompile>
    <ClCompile Include="OverworldState.cpp">
      <Filter>Source Files</Filter>
    </ClCompile>
    <ClCompile Include="Event.cpp">
      <Filter>Source Files\Events</Filter>
    </ClCompile>
    <ClCompile Include="EventSystem.cpp">
      <Filter>Source Files\Events</Filter>
    </ClCompile>
    <ClCompile Include="WarpEventInside.cpp">
      <Filter>Source Files\Events</Filter>
    </ClCompile>
    <ClCompile Include="EventCommand.cpp">
      <Filter>Source Files\Basic Commands</Filter>
    </ClCompile>
    <ClCompile Include="Transitions.cpp">
      <Filter>Source Files\Basic Commands</Filter>
    </ClCompile>
    <ClCompile Include="Hospital.cpp">
      <Filter>Source Files\Buildings\Base</Filter>
    </ClCompile>
    <ClCompile Include="Test_Hospital_Exterior.cpp">
      <Filter>Source Files\Buildings\Exterior</Filter>
    </ClCompile>
    <ClCompile Include="LocationManager.cpp">
      <Filter>Source Files\Location</Filter>
    </ClCompile>
    <ClCompile Include="Location.cpp">
      <Filter>Source Files\Location</Filter>
    </ClCompile>
    <ClCompile Include="LocationDisplay.cpp">
      <Filter>Source Files\Location</Filter>
    </ClCompile>
    <ClCompile Include="LittleRoot.cpp">
      <Filter>Source Files\Location\Towns</Filter>
    </ClCompile>
    <ClCompile Include="Route101.cpp">
      <Filter>Source Files\Location\Routes</Filter>
    </ClCompile>
    <ClCompile Include="Sublocation.cpp">
      <Filter>Source Files\Sub-Locations</Filter>
    </ClCompile>
    <ClCompile Include="Test_Hospital_Interior.cpp">
      <Filter>Source Files\Sub-Locations\Littleroot</Filter>
    </ClCompile>
    <ClCompile Include="EventCasting.cpp">
      <Filter>Source Files\Events</Filter>
    </ClCompile>
    <ClCompile Include="Node.cpp">
      <Filter>Source Files\Node</Filter>
    </ClCompile>
    <ClCompile Include="NodeArea.cpp">
      <Filter>Source Files\Node</Filter>
    </ClCompile>
    <ClCompile Include="MovemenSystem.cpp">
      <Filter>Source Files\Systems</Filter>
    </ClCompile>
    <ClCompile Include="LittlerootNodeArea.cpp">
      <Filter>Source Files\Node\Locations\Towns</Filter>
    </ClCompile>
    <ClCompile Include="Route101NodeArea.cpp">
      <Filter>Source Files\Node\Locations\Routes</Filter>
    </ClCompile>
    <ClCompile Include="StaticObject.cpp">
      <Filter>Source Files\Objects</Filter>
    </ClCompile>
    <ClCompile Include="Object.cpp">
      <Filter>Source Files\Objects</Filter>
    </ClCompile>
    <ClCompile Include="Sprite.cpp">
      <Filter>Source Files\Components\SpriteComponent</Filter>
    </ClCompile>
    <ClCompile Include="SpriteComponent.cpp">
      <Filter>Source Files\Components\SpriteComponent</Filter>
    </ClCompile>
    <ClCompile Include="CollisionSystem.cpp">
      <Filter>Source Files\Systems</Filter>
    </ClCompile>
    <ClCompile Include="WaitCommand.cpp">
      <Filter>Source Files\Basic Commands</Filter>
    </ClCompile>
    <ClCompile Include="DynamicObject.cpp">
      <Filter>Source Files\Objects</Filter>
    </ClCompile>
    <ClCompile Include="Component.cpp">
      <Filter>Source Files\Components</Filter>
    </ClCompile>
    <ClCompile Include="MovementComponent.cpp">
      <Filter>Source Files\Components</Filter>
    </ClCompile>
    <ClCompile Include="ComponentCasting.cpp">
      <Filter>Source Files\Components</Filter>
    </ClCompile>
    <ClCompile Include="Animator.cpp">
      <Filter>Source Files\Components</Filter>
    </ClCompile>
    <ClCompile Include="Test_Hospital_NodeArea.cpp">
      <Filter>Source Files\Node\Sublocations\Littleroot</Filter>
    </ClCompile>
    <ClCompile Include="WarpEventOutside.cpp">
      <Filter>Source Files\Events</Filter>
    </ClCompile>
    <ClCompile Include="SetDynamicObjectPositionCommand.cpp">
      <Filter>Source Files\Basic Commands</Filter>
    </ClCompile>
    <ClCompile Include="DialogueSystem.cpp">
      <Filter>Source Files\Systems</Filter>
    </ClCompile>
    <ClCompile Include="RenderingSystem.cpp">
      <Filter>Source Files\RenderSystem</Filter>
    </ClCompile>
    <ClCompile Include="LayerRenderer.cpp">
      <Filter>Source Files\RenderSystem</Filter>
    </ClCompile>
    <ClCompile Include="Options.cpp">
      <Filter>Source Files</Filter>
    </ClCompile>
    <ClCompile Include="DialogueComponent.cpp">
      <Filter>Source Files\Components\DialogueComponent</Filter>
    </ClCompile>
    <ClCompile Include="Dialogue.cpp">
      <Filter>Source Files\Components\DialogueComponent</Filter>
    </ClCompile>
    <ClCompile Include="jsoncpp.cpp">
      <Filter>Source Files\JSON</Filter>
    </ClCompile>
    <ClCompile Include="KeyInputSystem.cpp">
      <Filter>Source Files\Systems</Filter>
    </ClCompile>
    <ClCompile Include="KeyComponent.cpp">
      <Filter>Source Files\Components</Filter>
    </ClCompile>
    <ClCompile Include="LoadGame.cpp">
      <Filter>Source Files\FileHandling</Filter>
    </ClCompile>
    <ClCompile Include="SaveGame.cpp">
      <Filter>Source Files\FileHandling</Filter>
    </ClCompile>
    <ClCompile Include="Factory.cpp">
      <Filter>Source Files\Factory</Filter>
    </ClCompile>
    <ClCompile Include="ObjectCasting.cpp">
      <Filter>Source Files\Objects</Filter>
    </ClCompile>
    <ClCompile Include="UI_Base.cpp">
      <Filter>Source Files\UI\UI Objects</Filter>
    </ClCompile>
    <ClCompile Include="UI_Image.cpp">
      <Filter>Source Files\UI\UI Objects</Filter>
    </ClCompile>
    <ClCompile Include="UI_Card.cpp">
      <Filter>Source Files\UI\UI Objects</Filter>
    </ClCompile>
    <ClCompile Include="UI_Button.cpp">
      <Filter>Source Files\UI\UI Objects\UI Buttons</Filter>
    </ClCompile>
    <ClCompile Include="UI_Button_Exit.cpp">
      <Filter>Source Files\UI\UI Objects\UI Buttons</Filter>
    </ClCompile>
    <ClCompile Include="Menu.cpp">
      <Filter>Source Files\UI\Menus</Filter>
    </ClCompile>
    <ClCompile Include="LaunchMenu.cpp">
      <Filter>Source Files\UI\Menus</Filter>
    </ClCompile>
    <ClCompile Include="UI_Controller.cpp">
      <Filter>Source Files\UI</Filter>
    </ClCompile>
  </ItemGroup>
  <ItemGroup>
    <ClInclude Include="stdafx.h">
      <Filter>Header Files</Filter>
    </ClInclude>
    <ClInclude Include="Game.h">
      <Filter>Header Files</Filter>
    </ClInclude>
    <ClInclude Include="Overworld.h">
      <Filter>Header Files</Filter>
    </ClInclude>
    <ClInclude Include="OverworldState.h">
      <Filter>Header Files</Filter>
    </ClInclude>
    <ClInclude Include="Camera.h">
      <Filter>Header Files</Filter>
    </ClInclude>
    <ClInclude Include="ChangeOverworldState.h">
      <Filter>Header Files\Basic Commands</Filter>
    </ClInclude>
    <ClInclude Include="EventSystem.h">
      <Filter>Header Files\Events</Filter>
    </ClInclude>
    <ClInclude Include="Event.h">
      <Filter>Header Files\Events</Filter>
    </ClInclude>
    <ClInclude Include="WarpEventInside.h">
      <Filter>Header Files\Events</Filter>
    </ClInclude>
    <ClInclude Include="EventCommand.h">
      <Filter>Header Files\Basic Commands</Filter>
    </ClInclude>
    <ClInclude Include="Transitions.h">
      <Filter>Header Files\Basic Commands</Filter>
    </ClInclude>
    <ClInclude Include="Hospital.h">
      <Filter>Header Files\Buildings\Base</Filter>
    </ClInclude>
    <ClInclude Include="Test_Hospital_Exterior.h">
      <Filter>Header Files\Buildings\Exterior</Filter>
    </ClInclude>
    <ClInclude Include="LocationName.h">
      <Filter>Header Files\Location</Filter>
    </ClInclude>
    <ClInclude Include="LocationDisplay.h">
      <Filter>Header Files\Location</Filter>
    </ClInclude>
    <ClInclude Include="LocationManager.h">
      <Filter>Header Files\Location</Filter>
    </ClInclude>
    <ClInclude Include="location_include.h">
      <Filter>Header Files\Location</Filter>
    </ClInclude>
    <ClInclude Include="LittleRoot.h">
      <Filter>Header Files\Location\Towns</Filter>
    </ClInclude>
    <ClInclude Include="Route101.h">
      <Filter>Header Files\Location\Routes</Filter>
    </ClInclude>
    <ClInclude Include="Location.h">
      <Filter>Header Files\Location</Filter>
    </ClInclude>
    <ClInclude Include="Test_Hospital_Interior.h">
      <Filter>Header Files\Sub-Locations\Littleroot</Filter>
    </ClInclude>
    <ClInclude Include="Sublocation.h">
      <Filter>Header Files\Sub-Locations</Filter>
    </ClInclude>
    <ClInclude Include="Sublocation_List.h">
      <Filter>Header Files\Sub-Locations</Filter>
    </ClInclude>
    <ClInclude Include="Sublocation_Include.h">
      <Filter>Header Files\Sub-Locations</Filter>
    </ClInclude>
    <ClInclude Include="EventCasting.h">
      <Filter>Header Files\Events</Filter>
    </ClInclude>
    <ClInclude Include="Node.h">
      <Filter>Header Files\Node</Filter>
    </ClInclude>
    <ClInclude Include="NodeArea.h">
      <Filter>Header Files\Node</Filter>
    </ClInclude>
    <ClInclude Include="MovementSystem.h">
      <Filter>Header Files\Systems</Filter>
    </ClInclude>
    <ClInclude Include="Tags.h">
      <Filter>Resource Files</Filter>
    </ClInclude>
    <ClInclude Include="LittlerootNodeArea.h">
      <Filter>Header Files\Node\Locations\Towns</Filter>
    </ClInclude>
    <ClInclude Include="Route101NodeArea.h">
      <Filter>Header Files\Node\Locations\Routes</Filter>
    </ClInclude>
    <ClInclude Include="Object.h">
      <Filter>Header Files\Objects</Filter>
    </ClInclude>
    <ClInclude Include="StaticObject.h">
      <Filter>Header Files\Objects</Filter>
    </ClInclude>
    <ClInclude Include="Sprite.h">
      <Filter>Header Files\Components\SpriteComponent</Filter>
    </ClInclude>
    <ClInclude Include="SpriteComponent.h">
      <Filter>Header Files\Components\SpriteComponent</Filter>
    </ClInclude>
    <ClInclude Include="LayerRenderer.h">
      <Filter>Header Files\RenderSystem</Filter>
    </ClInclude>
    <ClInclude Include="RenderLayer.h">
      <Filter>Header Files\RenderSystem</Filter>
    </ClInclude>
    <ClInclude Include="RenderingSystem.h">
      <Filter>Header Files\RenderSystem</Filter>
    </ClInclude>
    <ClInclude Include="CollisionSystem.h">
      <Filter>Header Files\Systems</Filter>
    </ClInclude>
    <ClInclude Include="WaitCommand.h">
      <Filter>Header Files\Basic Commands</Filter>
    </ClInclude>
    <ClInclude Include="DynamicObject.h">
      <Filter>Header Files\Objects</Filter>
    </ClInclude>
    <ClInclude Include="Component.h">
      <Filter>Header Files\Components</Filter>
    </ClInclude>
    <ClInclude Include="ComponentCasting.h">
      <Filter>Header Files\Components</Filter>
    </ClInclude>
    <ClInclude Include="ComponentIncludes.h">
      <Filter>Header Files\Components</Filter>
    </ClInclude>
    <ClInclude Include="MovementComponent.h">
      <Filter>Header Files\Components</Filter>
    </ClInclude>
    <ClInclude Include="Animator.h">
      <Filter>Header Files\Components</Filter>
    </ClInclude>
    <ClInclude Include="Test_Hospital_NodeArea.h">
      <Filter>Header Files\Node\Sublocations\Littleroot</Filter>
    </ClInclude>
    <ClInclude Include="WarpEventOutside.h">
      <Filter>Header Files\Events</Filter>
    </ClInclude>
    <ClInclude Include="EventIncludes.h">
      <Filter>Header Files\Events</Filter>
    </ClInclude>
    <ClInclude Include="SetDynamicObjectPositionCommand.h">
      <Filter>Header Files\Basic Commands</Filter>
    </ClInclude>
    <ClInclude Include="NPC.h">
      <Filter>Header Files\Characters</Filter>
    </ClInclude>
    <ClInclude Include="Options.h">
      <Filter>Header Files</Filter>
    </ClInclude>
    <ClInclude Include="DialogueSystem.h">
      <Filter>Header Files\Systems\Dialogue</Filter>
    </ClInclude>
    <ClInclude Include="DialogueComponent.h">
      <Filter>Header Files\Components\DialogueComponent</Filter>
    </ClInclude>
    <ClInclude Include="Dialogue.h">
      <Filter>Header Files\Components\DialogueComponent</Filter>
    </ClInclude>
    <ClInclude Include="json.h">
      <Filter>Header Files\JSON</Filter>
    </ClInclude>
    <ClInclude Include="json-forwards.h">
      <Filter>Header Files\JSON</Filter>
    </ClInclude>
    <ClInclude Include="KeyInputSystem.h">
      <Filter>Header Files\Systems</Filter>
    </ClInclude>
    <ClInclude Include="KeyComponent.h">
      <Filter>Header Files\Components</Filter>
    </ClInclude>
    <ClInclude Include="SaveGame.h">
      <Filter>Header Files\FileHandling</Filter>
    </ClInclude>
    <ClInclude Include="LoadGame.h">
      <Filter>Header Files\FileHandling</Filter>
    </ClInclude>
    <ClInclude Include="Factory.h">
      <Filter>Header Files\Factory</Filter>
    </ClInclude>
    <ClInclude Include="ObjectIncludes.h">
      <Filter>Header Files\Objects</Filter>
    </ClInclude>
    <ClInclude Include="ObjectCasting.h">
      <Filter>Header Files\Objects</Filter>
    </ClInclude>
    <ClInclude Include="GameState.h">
      <Filter>Header Files</Filter>
    </ClInclude>
    <ClInclude Include="UI_Base.h">
      <Filter>Header Files\UI\UI Objects</Filter>
    </ClInclude>
    <ClInclude Include="UIObjectsInclude.h">
      <Filter>Header Files\UI\UI Objects</Filter>
    </ClInclude>
    <ClInclude Include="UI_Image.h">
      <Filter>Header Files\UI\UI Objects</Filter>
    </ClInclude>
    <ClInclude Include="Colors.h">
      <Filter>Resource Files</Filter>
    </ClInclude>
    <ClInclude Include="UI_Card.h">
      <Filter>Header Files\UI\UI Objects</Filter>
    </ClInclude>
    <ClInclude Include="UI_Button.h">
      <Filter>Header Files\UI\UI Objects\UI Buttons</Filter>
    </ClInclude>
    <ClInclude Include="UI_Button_Exit.h">
      <Filter>Header Files\UI\UI Objects\UI Buttons</Filter>
    </ClInclude>
    <ClInclude Include="UIButtonsInclude.h">
      <Filter>Header Files\UI\UI Objects\UI Buttons</Filter>
    </ClInclude>
    <ClInclude Include="UI_Controller.h">
      <Filter>Header Files\UI</Filter>
    </ClInclude>
    <ClInclude Include="Menu.h">
      <Filter>Header Files\UI\Menus</Filter>
    </ClInclude>
    <ClInclude Include="LaunchMenu.h">
      <Filter>Header Files\UI\Menus</Filter>
    </ClInclude>
    <ClInclude Include="MenuIncludes.h">
      <Filter>Header Files\UI\Menus</Filter>
    </ClInclude>
    <ClInclude Include="MenuType.h">
      <Filter>Header Files\UI\Menus</Filter>
    </ClInclude>
  </ItemGroup>
  <ItemGroup>
    <None Include="GameData.json">
      <Filter>Resource Files</Filter>
    </None>
    <None Include="PlayerSave.json">
      <Filter>Resource Files</Filter>
    </None>
  </ItemGroup>
</Project>